
Microsoft Visual Studio Solution File, Format Version 12.00
# Visual Studio Version 17
VisualStudioVersion = 17.4.33213.308
MinimumVisualStudioVersion = 10.0.40219.1
Project("{FAE04EC0-301F-11D3-BF4B-00C04F79EFBC}") = "igraNaKarte", "igraNaKarte.csproj", "{612D103E-5CED-4195-A900-F2633DE4F5B3}"
EndProject
Global
	GlobalSection(SolutionConfigurationPlatforms) = preSolution
		Debug|Any CPU = Debug|Any CPU
		Release|Any CPU = Release|Any CPU
	EndGlobalSection
	GlobalSection(ProjectConfigurationPlatforms) = postSolution
		{612D103E-5CED-4195-A900-F2633DE4F5B3}.Debug|Any CPU.ActiveCfg = Debug|Any CPU
		{612D103E-5CED-4195-A900-F2633DE4F5B3}.Debug|Any CPU.Build.0 = Debug|Any CPU
		{612D103E-5CED-4195-A900-F2633DE4F5B3}.Release|Any CPU.ActiveCfg = Release|Any CPU
		{612D103E-5CED-4195-A900-F2633DE4F5B3}.Release|Any CPU.Build.0 = Release|Any CPU
	EndGlobalSection
	GlobalSection(SolutionProperties) = preSolution
		HideSolutionNode = FALSE
	EndGlobalSection
	GlobalSection(ExtensibilityGlobals) = postSolution
		SolutionGuid = {88E05CB6-F812-4295-B752-98764386EE3E}
	EndGlobalSection
EndGlobal
